// !$*UTF8*$!
{
	archiveVersion = 1;
	classes = {
	};
	objectVersion = 55;
	objects = {

/* Begin PBXBuildFile section */
		517190FE28B4C38400AE6F51 /* IntentHandler.swift in Sources */ = {isa = PBXBuildFile; fileRef = 517190FD28B4C38400AE6F51 /* IntentHandler.swift */; };
		517190FF28B4C38700AE6F51 /* IntentHandler.swift in Sources */ = {isa = PBXBuildFile; fileRef = 517190FD28B4C38400AE6F51 /* IntentHandler.swift */; };
		51F88ABE28B3A541000BA527 /* AppDelegate.swift in Sources */ = {isa = PBXBuildFile; fileRef = 51F88ABD28B3A541000BA527 /* AppDelegate.swift */; };
		51F88AC028B3A541000BA527 /* SceneDelegate.swift in Sources */ = {isa = PBXBuildFile; fileRef = 51F88ABF28B3A541000BA527 /* SceneDelegate.swift */; };
		51F88AC228B3A541000BA527 /* ViewController.swift in Sources */ = {isa = PBXBuildFile; fileRef = 51F88AC128B3A541000BA527 /* ViewController.swift */; };
		51F88AC528B3A541000BA527 /* Main.storyboard in Resources */ = {isa = PBXBuildFile; fileRef = 51F88AC328B3A541000BA527 /* Main.storyboard */; };
		51F88AC728B3A545000BA527 /* Assets.xcassets in Resources */ = {isa = PBXBuildFile; fileRef = 51F88AC628B3A545000BA527 /* Assets.xcassets */; };
		51F88ACA28B3A545000BA527 /* LaunchScreen.storyboard in Resources */ = {isa = PBXBuildFile; fileRef = 51F88AC828B3A545000BA527 /* LaunchScreen.storyboard */; };
		51F88AD828B3A616000BA527 /* ShareViewController.swift in Sources */ = {isa = PBXBuildFile; fileRef = 51F88AD728B3A616000BA527 /* ShareViewController.swift */; };
		51F88ADB28B3A616000BA527 /* MainInterface.storyboard in Resources */ = {isa = PBXBuildFile; fileRef = 51F88AD928B3A616000BA527 /* MainInterface.storyboard */; };
		51F88ADF28B3A616000BA527 /* Share-extension.appex in Embed App Extensions */ = {isa = PBXBuildFile; fileRef = 51F88AD528B3A616000BA527 /* Share-extension.appex */; settings = {ATTRIBUTES = (RemoveHeadersOnCopy, ); }; };
/* End PBXBuildFile section */

/* Begin PBXContainerItemProxy section */
		51F88ADD28B3A616000BA527 /* PBXContainerItemProxy */ = {
			isa = PBXContainerItemProxy;
			containerPortal = 51F88AB228B3A541000BA527 /* Project object */;
			proxyType = 1;
			remoteGlobalIDString = 51F88AD428B3A616000BA527;
			remoteInfo = "Share-extension";
		};
/* End PBXContainerItemProxy section */

/* Begin PBXCopyFilesBuildPhase section */
		51F88AE328B3A616000BA527 /* Embed App Extensions */ = {
			isa = PBXCopyFilesBuildPhase;
			buildActionMask = 2147483647;
			dstPath = "";
			dstSubfolderSpec = 13;
			files = (
				51F88ADF28B3A616000BA527 /* Share-extension.appex in Embed App Extensions */,
			);
			name = "Embed App Extensions";
			runOnlyForDeploymentPostprocessing = 0;
		};
/* End PBXCopyFilesBuildPhase section */

/* Begin PBXFileReference section */
		517190FD28B4C38400AE6F51 /* IntentHandler.swift */ = {isa = PBXFileReference; lastKnownFileType = sourcecode.swift; path = IntentHandler.swift; sourceTree = "<group>"; };
		5171910028B4D02700AE6F51 /* Share-Suggestions.entitlements */ = {isa = PBXFileReference; lastKnownFileType = text.plist.entitlements; path = "Share-Suggestions.entitlements"; sourceTree = "<group>"; };
		51F88ABA28B3A541000BA527 /* Share-Suggestions.app */ = {isa = PBXFileReference; explicitFileType = wrapper.application; includeInIndex = 0; path = "Share-Suggestions.app"; sourceTree = BUILT_PRODUCTS_DIR; };
		51F88ABD28B3A541000BA527 /* AppDelegate.swift */ = {isa = PBXFileReference; lastKnownFileType = sourcecode.swift; path = AppDelegate.swift; sourceTree = "<group>"; };
		51F88ABF28B3A541000BA527 /* SceneDelegate.swift */ = {isa = PBXFileReference; lastKnownFileType = sourcecode.swift; path = SceneDelegate.swift; sourceTree = "<group>"; };
		51F88AC128B3A541000BA527 /* ViewController.swift */ = {isa = PBXFileReference; lastKnownFileType = sourcecode.swift; path = ViewController.swift; sourceTree = "<group>"; };
		51F88AC428B3A541000BA527 /* Base */ = {isa = PBXFileReference; lastKnownFileType = file.storyboard; name = Base; path = Base.lproj/Main.storyboard; sourceTree = "<group>"; };
		51F88AC628B3A545000BA527 /* Assets.xcassets */ = {isa = PBXFileReference; lastKnownFileType = folder.assetcatalog; path = Assets.xcassets; sourceTree = "<group>"; };
		51F88AC928B3A545000BA527 /* Base */ = {isa = PBXFileReference; lastKnownFileType = file.storyboard; name = Base; path = Base.lproj/LaunchScreen.storyboard; sourceTree = "<group>"; };
		51F88ACB28B3A545000BA527 /* Info.plist */ = {isa = PBXFileReference; lastKnownFileType = text.plist.xml; path = Info.plist; sourceTree = "<group>"; };
		51F88AD528B3A616000BA527 /* Share-extension.appex */ = {isa = PBXFileReference; explicitFileType = "wrapper.app-extension"; includeInIndex = 0; path = "Share-extension.appex"; sourceTree = BUILT_PRODUCTS_DIR; };
		51F88AD728B3A616000BA527 /* ShareViewController.swift */ = {isa = PBXFileReference; lastKnownFileType = sourcecode.swift; path = ShareViewController.swift; sourceTree = "<group>"; };
		51F88ADA28B3A616000BA527 /* Base */ = {isa = PBXFileReference; lastKnownFileType = file.storyboard; name = Base; path = Base.lproj/MainInterface.storyboard; sourceTree = "<group>"; };
		51F88ADC28B3A616000BA527 /* Info.plist */ = {isa = PBXFileReference; lastKnownFileType = text.plist.xml; path = Info.plist; sourceTree = "<group>"; };
/* End PBXFileReference section */

/* Begin PBXFrameworksBuildPhase section */
		51F88AB728B3A541000BA527 /* Frameworks */ = {
			isa = PBXFrameworksBuildPhase;
			buildActionMask = 2147483647;
			files = (
			);
			runOnlyForDeploymentPostprocessing = 0;
		};
		51F88AD228B3A616000BA527 /* Frameworks */ = {
			isa = PBXFrameworksBuildPhase;
			buildActionMask = 2147483647;
			files = (
			);
			runOnlyForDeploymentPostprocessing = 0;
		};
/* End PBXFrameworksBuildPhase section */

/* Begin PBXGroup section */
		51F88AB128B3A541000BA527 = {
			isa = PBXGroup;
			children = (
				51F88ABC28B3A541000BA527 /* Share-Suggestions */,
				51F88AD628B3A616000BA527 /* Share-extension */,
				51F88ABB28B3A541000BA527 /* Products */,
			);
			sourceTree = "<group>";
		};
		51F88ABB28B3A541000BA527 /* Products */ = {
			isa = PBXGroup;
			children = (
				51F88ABA28B3A541000BA527 /* Share-Suggestions.app */,
				51F88AD528B3A616000BA527 /* Share-extension.appex */,
			);
			name = Products;
			sourceTree = "<group>";
		};
		51F88ABC28B3A541000BA527 /* Share-Suggestions */ = {
			isa = PBXGroup;
			children = (
				5171910028B4D02700AE6F51 /* Share-Suggestions.entitlements */,
				51F88ABD28B3A541000BA527 /* AppDelegate.swift */,
				51F88ABF28B3A541000BA527 /* SceneDelegate.swift */,
				51F88AC128B3A541000BA527 /* ViewController.swift */,
				517190FD28B4C38400AE6F51 /* IntentHandler.swift */,
				51F88AC328B3A541000BA527 /* Main.storyboard */,
				51F88AC628B3A545000BA527 /* Assets.xcassets */,
				51F88AC828B3A545000BA527 /* LaunchScreen.storyboard */,
				51F88ACB28B3A545000BA527 /* Info.plist */,
			);
			path = "Share-Suggestions";
			sourceTree = "<group>";
		};
		51F88AD628B3A616000BA527 /* Share-extension */ = {
			isa = PBXGroup;
			children = (
				51F88AD728B3A616000BA527 /* ShareViewController.swift */,
				51F88AD928B3A616000BA527 /* MainInterface.storyboard */,
				51F88ADC28B3A616000BA527 /* Info.plist */,
			);
			path = "Share-extension";
			sourceTree = "<group>";
		};
/* End PBXGroup section */

/* Begin PBXNativeTarget section */
		51F88AB928B3A541000BA527 /* Share-Suggestions */ = {
			isa = PBXNativeTarget;
			buildConfigurationList = 51F88ACE28B3A545000BA527 /* Build configuration list for PBXNativeTarget "Share-Suggestions" */;
			buildPhases = (
				51F88AB628B3A541000BA527 /* Sources */,
				51F88AB728B3A541000BA527 /* Frameworks */,
				51F88AB828B3A541000BA527 /* Resources */,
				51F88AE328B3A616000BA527 /* Embed App Extensions */,
			);
			buildRules = (
			);
			dependencies = (
				51F88ADE28B3A616000BA527 /* PBXTargetDependency */,
			);
			name = "Share-Suggestions";
			productName = "Share-Suggestions";
			productReference = 51F88ABA28B3A541000BA527 /* Share-Suggestions.app */;
			productType = "com.apple.product-type.application";
		};
		51F88AD428B3A616000BA527 /* Share-extension */ = {
			isa = PBXNativeTarget;
			buildConfigurationList = 51F88AE028B3A616000BA527 /* Build configuration list for PBXNativeTarget "Share-extension" */;
			buildPhases = (
				51F88AD128B3A616000BA527 /* Sources */,
				51F88AD228B3A616000BA527 /* Frameworks */,
				51F88AD328B3A616000BA527 /* Resources */,
			);
			buildRules = (
			);
			dependencies = (
			);
			name = "Share-extension";
			productName = "Share-extension";
			productReference = 51F88AD528B3A616000BA527 /* Share-extension.appex */;
			productType = "com.apple.product-type.app-extension";
		};
/* End PBXNativeTarget section */

/* Begin PBXProject section */
		51F88AB228B3A541000BA527 /* Project object */ = {
			isa = PBXProject;
			attributes = {
				BuildIndependentTargetsInParallel = 1;
				LastSwiftUpdateCheck = 1320;
				LastUpgradeCheck = 1320;
				TargetAttributes = {
					51F88AB928B3A541000BA527 = {
						CreatedOnToolsVersion = 13.2;
					};
					51F88AD428B3A616000BA527 = {
						CreatedOnToolsVersion = 13.2;
					};
				};
			};
			buildConfigurationList = 51F88AB528B3A541000BA527 /* Build configuration list for PBXProject "Share-Suggestions" */;
			compatibilityVersion = "Xcode 13.0";
			developmentRegion = en;
			hasScannedForEncodings = 0;
			knownRegions = (
				en,
				Base,
			);
			mainGroup = 51F88AB128B3A541000BA527;
			productRefGroup = 51F88ABB28B3A541000BA527 /* Products */;
			projectDirPath = "";
			projectRoot = "";
			targets = (
				51F88AB928B3A541000BA527 /* Share-Suggestions */,
				51F88AD428B3A616000BA527 /* Share-extension */,
			);
		};
/* End PBXProject section */

/* Begin PBXResourcesBuildPhase section */
		51F88AB828B3A541000BA527 /* Resources */ = {
			isa = PBXResourcesBuildPhase;
			buildActionMask = 2147483647;
			files = (
				51F88ACA28B3A545000BA527 /* LaunchScreen.storyboard in Resources */,
				51F88AC728B3A545000BA527 /* Assets.xcassets in Resources */,
				51F88AC528B3A541000BA527 /* Main.storyboard in Resources */,
			);
			runOnlyForDeploymentPostprocessing = 0;
		};
		51F88AD328B3A616000BA527 /* Resources */ = {
			isa = PBXResourcesBuildPhase;
			buildActionMask = 2147483647;
			files = (
				51F88ADB28B3A616000BA527 /* MainInterface.storyboard in Resources */,
			);
			runOnlyForDeploymentPostprocessing = 0;
		};
/* End PBXResourcesBuildPhase section */

/* Begin PBXSourcesBuildPhase section */
		51F88AB628B3A541000BA527 /* Sources */ = {
			isa = PBXSourcesBuildPhase;
			buildActionMask = 2147483647;
			files = (
				51F88AC228B3A541000BA527 /* ViewController.swift in Sources */,
				51F88ABE28B3A541000BA527 /* AppDelegate.swift in Sources */,
				517190FE28B4C38400AE6F51 /* IntentHandler.swift in Sources */,
				51F88AC028B3A541000BA527 /* SceneDelegate.swift in Sources */,
			);
			runOnlyForDeploymentPostprocessing = 0;
		};
		51F88AD128B3A616000BA527 /* Sources */ = {
			isa = PBXSourcesBuildPhase;
			buildActionMask = 2147483647;
			files = (
				517190FF28B4C38700AE6F51 /* IntentHandler.swift in Sources */,
				51F88AD828B3A616000BA527 /* ShareViewController.swift in Sources */,
			);
			runOnlyForDeploymentPostprocessing = 0;
		};
/* End PBXSourcesBuildPhase section */

/* Begin PBXTargetDependency section */
		51F88ADE28B3A616000BA527 /* PBXTargetDependency */ = {
			isa = PBXTargetDependency;
			target = 51F88AD428B3A616000BA527 /* Share-extension */;
			targetProxy = 51F88ADD28B3A616000BA527 /* PBXContainerItemProxy */;
		};
/* End PBXTargetDependency section */

/* Begin PBXVariantGroup section */
		51F88AC328B3A541000BA527 /* Main.storyboard */ = {
			isa = PBXVariantGroup;
			children = (
				51F88AC428B3A541000BA527 /* Base */,
			);
			name = Main.storyboard;
			sourceTree = "<group>";
		};
		51F88AC828B3A545000BA527 /* LaunchScreen.storyboard */ = {
			isa = PBXVariantGroup;
			children = (
				51F88AC928B3A545000BA527 /* Base */,
			);
			name = LaunchScreen.storyboard;
			sourceTree = "<group>";
		};
		51F88AD928B3A616000BA527 /* MainInterface.storyboard */ = {
			isa = PBXVariantGroup;
			children = (
				51F88ADA28B3A616000BA527 /* Base */,
			);
			name = MainInterface.storyboard;
			sourceTree = "<group>";
		};
/* End PBXVariantGroup section */

/* Begin XCBuildConfiguration section */
		51F88ACC28B3A545000BA527 /* Debug */ = {
			isa = XCBuildConfiguration;
			buildSettings = {
				ALWAYS_SEARCH_USER_PATHS = NO;
				CLANG_ANALYZER_NONNULL = YES;
				CLANG_ANALYZER_NUMBER_OBJECT_CONVERSION = YES_AGGRESSIVE;
				CLANG_CXX_LANGUAGE_STANDARD = "gnu++17";
				CLANG_CXX_LIBRARY = "libc++";
				CLANG_ENABLE_MODULES = YES;
				CLANG_ENABLE_OBJC_ARC = YES;
				CLANG_ENABLE_OBJC_WEAK = YES;
				CLANG_WARN_BLOCK_CAPTURE_AUTORELEASING = YES;
				CLANG_WARN_BOOL_CONVERSION = YES;
				CLANG_WARN_COMMA = YES;
				CLANG_WARN_CONSTANT_CONVERSION = YES;
				CLANG_WARN_DEPRECATED_OBJC_IMPLEMENTATIONS = YES;
				CLANG_WARN_DIRECT_OBJC_ISA_USAGE = YES_ERROR;
				CLANG_WARN_DOCUMENTATION_COMMENTS = YES;
				CLANG_WARN_EMPTY_BODY = YES;
				CLANG_WARN_ENUM_CONVERSION = YES;
				CLANG_WARN_INFINITE_RECURSION = YES;
				CLANG_WARN_INT_CONVERSION = YES;
				CLANG_WARN_NON_LITERAL_NULL_CONVERSION = YES;
				CLANG_WARN_OBJC_IMPLICIT_RETAIN_SELF = YES;
				CLANG_WARN_OBJC_LITERAL_CONVERSION = YES;
				CLANG_WARN_OBJC_ROOT_CLASS = YES_ERROR;
				CLANG_WARN_QUOTED_INCLUDE_IN_FRAMEWORK_HEADER = YES;
				CLANG_WARN_RANGE_LOOP_ANALYSIS = YES;
				CLANG_WARN_STRICT_PROTOTYPES = YES;
				CLANG_WARN_SUSPICIOUS_MOVE = YES;
				CLANG_WARN_UNGUARDED_AVAILABILITY = YES_AGGRESSIVE;
				CLANG_WARN_UNREACHABLE_CODE = YES;
				CLANG_WARN__DUPLICATE_METHOD_MATCH = YES;
				COPY_PHASE_STRIP = NO;
				DEBUG_INFORMATION_FORMAT = dwarf;
				ENABLE_STRICT_OBJC_MSGSEND = YES;
				ENABLE_TESTABILITY = YES;
				GCC_C_LANGUAGE_STANDARD = gnu11;
				GCC_DYNAMIC_NO_PIC = NO;
				GCC_NO_COMMON_BLOCKS = YES;
				GCC_OPTIMIZATION_LEVEL = 0;
				GCC_PREPROCESSOR_DEFINITIONS = (
					"DEBUG=1",
					"$(inherited)",
				);
				GCC_WARN_64_TO_32_BIT_CONVERSION = YES;
				GCC_WARN_ABOUT_RETURN_TYPE = YES_ERROR;
				GCC_WARN_UNDECLARED_SELECTOR = YES;
				GCC_WARN_UNINITIALIZED_AUTOS = YES_AGGRESSIVE;
				GCC_WARN_UNUSED_FUNCTION = YES;
				GCC_WARN_UNUSED_VARIABLE = YES;
				IPHONEOS_DEPLOYMENT_TARGET = 12.0;
				MTL_ENABLE_DEBUG_INFO = INCLUDE_SOURCE;
				MTL_FAST_MATH = YES;
				ONLY_ACTIVE_ARCH = YES;
				SDKROOT = iphoneos;
				SWIFT_ACTIVE_COMPILATION_CONDITIONS = DEBUG;
				SWIFT_OPTIMIZATION_LEVEL = "-Onone";
				SWIFT_VERSION = 5.0;
			};
			name = Debug;
		};
		51F88ACD28B3A545000BA527 /* Release */ = {
			isa = XCBuildConfiguration;
			buildSettings = {
				ALWAYS_SEARCH_USER_PATHS = NO;
				CLANG_ANALYZER_NONNULL = YES;
				CLANG_ANALYZER_NUMBER_OBJECT_CONVERSION = YES_AGGRESSIVE;
				CLANG_CXX_LANGUAGE_STANDARD = "gnu++17";
				CLANG_CXX_LIBRARY = "libc++";
				CLANG_ENABLE_MODULES = YES;
				CLANG_ENABLE_OBJC_ARC = YES;
				CLANG_ENABLE_OBJC_WEAK = YES;
				CLANG_WARN_BLOCK_CAPTURE_AUTORELEASING = YES;
				CLANG_WARN_BOOL_CONVERSION = YES;
				CLANG_WARN_COMMA = YES;
				CLANG_WARN_CONSTANT_CONVERSION = YES;
				CLANG_WARN_DEPRECATED_OBJC_IMPLEMENTATIONS = YES;
				CLANG_WARN_DIRECT_OBJC_ISA_USAGE = YES_ERROR;
				CLANG_WARN_DOCUMENTATION_COMMENTS = YES;
				CLANG_WARN_EMPTY_BODY = YES;
				CLANG_WARN_ENUM_CONVERSION = YES;
				CLANG_WARN_INFINITE_RECURSION = YES;
				CLANG_WARN_INT_CONVERSION = YES;
				CLANG_WARN_NON_LITERAL_NULL_CONVERSION = YES;
				CLANG_WARN_OBJC_IMPLICIT_RETAIN_SELF = YES;
				CLANG_WARN_OBJC_LITERAL_CONVERSION = YES;
				CLANG_WARN_OBJC_ROOT_CLASS = YES_ERROR;
				CLANG_WARN_QUOTED_INCLUDE_IN_FRAMEWORK_HEADER = YES;
				CLANG_WARN_RANGE_LOOP_ANALYSIS = YES;
				CLANG_WARN_STRICT_PROTOTYPES = YES;
				CLANG_WARN_SUSPICIOUS_MOVE = YES;
				CLANG_WARN_UNGUARDED_AVAILABILITY = YES_AGGRESSIVE;
				CLANG_WARN_UNREACHABLE_CODE = YES;
				CLANG_WARN__DUPLICATE_METHOD_MATCH = YES;
				COPY_PHASE_STRIP = NO;
				DEBUG_INFORMATION_FORMAT = "dwarf-with-dsym";
				ENABLE_NS_ASSERTIONS = NO;
				ENABLE_STRICT_OBJC_MSGSEND = YES;
				GCC_C_LANGUAGE_STANDARD = gnu11;
				GCC_NO_COMMON_BLOCKS = YES;
				GCC_WARN_64_TO_32_BIT_CONVERSION = YES;
				GCC_WARN_ABOUT_RETURN_TYPE = YES_ERROR;
				GCC_WARN_UNDECLARED_SELECTOR = YES;
				GCC_WARN_UNINITIALIZED_AUTOS = YES_AGGRESSIVE;
				GCC_WARN_UNUSED_FUNCTION = YES;
				GCC_WARN_UNUSED_VARIABLE = YES;
				IPHONEOS_DEPLOYMENT_TARGET = 12.0;
				MTL_ENABLE_DEBUG_INFO = NO;
				MTL_FAST_MATH = YES;
				SDKROOT = iphoneos;
				SWIFT_COMPILATION_MODE = wholemodule;
				SWIFT_OPTIMIZATION_LEVEL = "-O";
				SWIFT_VERSION = 5.0;
				VALIDATE_PRODUCT = YES;
			};
			name = Release;
		};
		51F88ACF28B3A545000BA527 /* Debug */ = {
			isa = XCBuildConfiguration;
			buildSettings = {
				ALWAYS_EMBED_SWIFT_STANDARD_LIBRARIES = YES;
				ASSETCATALOG_COMPILER_APPICON_NAME = AppIcon;
				ASSETCATALOG_COMPILER_GLOBAL_ACCENT_COLOR_NAME = AccentColor;
				CODE_SIGN_ENTITLEMENTS = "Share-Suggestions/Share-Suggestions.entitlements";
				CODE_SIGN_STYLE = Automatic;
				CURRENT_PROJECT_VERSION = 1;
				DEVELOPMENT_TEAM = 4GU93YFNRG;
				GENERATE_INFOPLIST_FILE = YES;
				INFOPLIST_FILE = "Share-Suggestions/Info.plist";
				INFOPLIST_KEY_UIApplicationSupportsIndirectInputEvents = YES;
				INFOPLIST_KEY_UILaunchStoryboardName = LaunchScreen;
				INFOPLIST_KEY_UIMainStoryboardFile = Main;
				INFOPLIST_KEY_UISupportedInterfaceOrientations_iPad = "UIInterfaceOrientationPortrait UIInterfaceOrientationPortraitUpsideDown UIInterfaceOrientationLandscapeLeft UIInterfaceOrientationLandscapeRight";
				INFOPLIST_KEY_UISupportedInterfaceOrientations_iPhone = "UIInterfaceOrientationPortrait UIInterfaceOrientationLandscapeLeft UIInterfaceOrientationLandscapeRight";
				LD_RUNPATH_SEARCH_PATHS = (
					"$(inherited)",
					"@executable_path/Frameworks",
				);
				MARKETING_VERSION = 1.0;
				PRODUCT_BUNDLE_IDENTIFIER = "com.self.practice.Share-Suggestions";
				PRODUCT_NAME = "$(TARGET_NAME)";
				SWIFT_EMIT_LOC_STRINGS = YES;
				SWIFT_VERSION = 5.0;
				TARGETED_DEVICE_FAMILY = "1,2";
			};
			name = Debug;
		};
		51F88AD028B3A545000BA527 /* Release */ = {
			isa = XCBuildConfiguration;
			buildSettings = {
				ALWAYS_EMBED_SWIFT_STANDARD_LIBRARIES = YES;
				ASSETCATALOG_COMPILER_APPICON_NAME = AppIcon;
				ASSETCATALOG_COMPILER_GLOBAL_ACCENT_COLOR_NAME = AccentColor;
				CODE_SIGN_ENTITLEMENTS = "Share-Suggestions/Share-Suggestions.entitlements";
				CODE_SIGN_STYLE = Automatic;
				CURRENT_PROJECT_VERSION = 1;
				DEVELOPMENT_TEAM = 4GU93YFNRG;
				GENERATE_INFOPLIST_FILE = YES;
				INFOPLIST_FILE = "Share-Suggestions/Info.plist";
				INFOPLIST_KEY_UIApplicationSupportsIndirectInputEvents = YES;
				INFOPLIST_KEY_UILaunchStoryboardName = LaunchScreen;
				INFOPLIST_KEY_UIMainStoryboardFile = Main;
				INFOPLIST_KEY_UISupportedInterfaceOrientations_iPad = "UIInterfaceOrientationPortrait UIInterfaceOrientationPortraitUpsideDown UIInterfaceOrientationLandscapeLeft UIInterfaceOrientationLandscapeRight";
				INFOPLIST_KEY_UISupportedInterfaceOrientations_iPhone = "UIInterfaceOrientationPortrait UIInterfaceOrientationLandscapeLeft UIInterfaceOrientationLandscapeRight";
				LD_RUNPATH_SEARCH_PATHS = (
					"$(inherited)",
					"@executable_path/Frameworks",
				);
				MARKETING_VERSION = 1.0;
				PRODUCT_BUNDLE_IDENTIFIER = "com.self.practice.Share-Suggestions";
				PRODUCT_NAME = "$(TARGET_NAME)";
				SWIFT_EMIT_LOC_STRINGS = YES;
				SWIFT_VERSION = 5.0;
				TARGETED_DEVICE_FAMILY = "1,2";
			};
			name = Release;
		};
		51F88AE128B3A616000BA527 /* Debug */ = {
			isa = XCBuildConfiguration;
			buildSettings = {
				CODE_SIGN_STYLE = Automatic;
				CURRENT_PROJECT_VERSION = 1;
				DEVELOPMENT_TEAM = 4GU93YFNRG;
				GENERATE_INFOPLIST_FILE = YES;
				INFOPLIST_FILE = "Share-extension/Info.plist";
				INFOPLIST_KEY_CFBundleDisplayName = "Share-extension";
				INFOPLIST_KEY_NSHumanReadableCopyright = "";
				LD_RUNPATH_SEARCH_PATHS = (
					"$(inherited)",
					"@executable_path/Frameworks",
					"@executable_path/../../Frameworks",
				);
				MARKETING_VERSION = 1.0;
				PRODUCT_BUNDLE_IDENTIFIER = "com.self.practice.Share-Suggestions.Share-extension";
				PRODUCT_NAME = "$(TARGET_NAME)";
				SKIP_INSTALL = YES;
				SWIFT_EMIT_LOC_STRINGS = YES;
				SWIFT_VERSION = 5.0;
				TARGETED_DEVICE_FAMILY = "1,2";
			};
			name = Debug;
		};
		51F88AE228B3A616000BA527 /* Release */ = {
			isa = XCBuildConfiguration;
			buildSettings = {
				CODE_SIGN_STYLE = Automatic;
				CURRENT_PROJECT_VERSION = 1;
				DEVELOPMENT_TEAM = 4GU93YFNRG;
				GENERATE_INFOPLIST_FILE = YES;
				INFOPLIST_FILE = "Share-extension/Info.plist";
				INFOPLIST_KEY_CFBundleDisplayName = "Share-extension";
				INFOPLIST_KEY_NSHumanReadableCopyright = "";
				LD_RUNPATH_SEARCH_PATHS = (
					"$(inherited)",
					"@executable_path/Frameworks",
					"@executable_path/../../Frameworks",
				);
				MARKETING_VERSION = 1.0;
				PRODUCT_BUNDLE_IDENTIFIER = "com.self.practice.Share-Suggestions.Share-extension";
				PRODUCT_NAME = "$(TARGET_NAME)";
				SKIP_INSTALL = YES;
				SWIFT_EMIT_LOC_STRINGS = YES;
				SWIFT_VERSION = 5.0;
				TARGETED_DEVICE_FAMILY = "1,2";
			};
			name = Release;
		};
/* End XCBuildConfiguration section */

/* Begin XCConfigurationList section */
		51F88AB528B3A541000BA527 /* Build configuration list for PBXProject "Share-Suggestions" */ = {
			isa = XCConfigurationList;
			buildConfigurations = (
				51F88ACC28B3A545000BA527 /* Debug */,
				51F88ACD28B3A545000BA527 /* Release */,
			);
			defaultConfigurationIsVisible = 0;
			defaultConfigurationName = Release;
		};
		51F88ACE28B3A545000BA527 /* Build configuration list for PBXNativeTarget "Share-Suggestions" */ = {
			isa = XCConfigurationList;
			buildConfigurations = (
				51F88ACF28B3A545000BA527 /* Debug */,
				51F88AD028B3A545000BA527 /* Release */,
			);
			defaultConfigurationIsVisible = 0;
			defaultConfigurationName = Release;
		};
		51F88AE028B3A616000BA527 /* Build configuration list for PBXNativeTarget "Share-extension" */ = {
			isa = XCConfigurationList;
			buildConfigurations = (
				51F88AE128B3A616000BA527 /* Debug */,
				51F88AE228B3A616000BA527 /* Release */,
			);
			defaultConfigurationIsVisible = 0;
			defaultConfigurationName = Release;
		};
/* End XCConfigurationList section */
	};
	rootObject = 51F88AB228B3A541000BA527 /* Project object */;
}
